
Microsoft Visual Studio Solution File, Format Version 12.00
# Visual Studio Version 17
VisualStudioVersion = 17.14.36121.58 d17.14
MinimumVisualStudioVersion = 10.0.40219.1
Project("{FAE04EC0-301F-11D3-BF4B-00C04F79EFBC}") = "ExamWeb_LeVanHoangHieu", "ExamWeb_LeVanHoangHieu\ExamWeb_LeVanHoangHieu.csproj", "{FB5F4F0B-7663-4F6D-9D15-908F0C414A79}"
EndProject
Global
	GlobalSection(SolutionConfigurationPlatforms) = preSolution
		Debug|Any CPU = Debug|Any CPU
		Release|Any CPU = Release|Any CPU
	EndGlobalSection
	GlobalSection(ProjectConfigurationPlatforms) = postSolution
		{FB5F4F0B-7663-4F6D-9D15-908F0C414A79}.Debug|Any CPU.ActiveCfg = Debug|Any CPU
		{FB5F4F0B-7663-4F6D-9D15-908F0C414A79}.Debug|Any CPU.Build.0 = Debug|Any CPU
		{FB5F4F0B-7663-4F6D-9D15-908F0C414A79}.Release|Any CPU.ActiveCfg = Release|Any CPU
		{FB5F4F0B-7663-4F6D-9D15-908F0C414A79}.Release|Any CPU.Build.0 = Release|Any CPU
	EndGlobalSection
	GlobalSection(SolutionProperties) = preSolution
		HideSolutionNode = FALSE
	EndGlobalSection
	GlobalSection(ExtensibilityGlobals) = postSolution
		SolutionGuid = {647A7D7E-D29C-4BCE-979F-8F673C91421C}
	EndGlobalSection
EndGlobal
